{
  "name": "@nx-bun/task-worker-runner",
  "version": "0.0.1",
  "lockfileVersion": 3,
  "requires": true,
  "packages": {
    "": {
      "name": "@nx-bun/task-worker-runner",
      "version": "0.0.1",
      "devDependencies": {
        "@types/strong-log-transformer": "^1.0.0"
      }
    },
    "node_modules/@types/node": {
      "version": "20.5.0",
      "resolved": "http://localhost:4873/@types/node/-/node-20.5.0.tgz",
      "integrity": "sha512-Mgq7eCtoTjT89FqNoTzzXg2XvCi5VMhRV6+I2aYanc6kQCBImeNaAYRs/DyoVqk1YEUJK5gN9VO7HRIdz4Wo3Q==",
      "dev": true
    },
    "node_modules/@types/strong-log-transformer": {
      "version": "1.0.0",
      "resolved": "http://localhost:4873/@types/strong-log-transformer/-/strong-log-transformer-1.0.0.tgz",
      "integrity": "sha512-ljpD7pfMwsQuzpnXxAb3xAkD/eM3jm3T5GdVcwZISpuPZRg1qwpitjzl6Du4mIl7Eeaqu89uyIgOnZadZTy5Xg==",
      "dev": true,
      "dependencies": {
        "@types/node": "*"
      }
    }
  }
}
